// !$*UTF8*$!
{
	archiveVersion = 1;
	classes = {
	};
	objectVersion = 46;
	objects = {

/* Begin PBXBuildFile section */
		2BBAA2ABFBC106E9BCF79659 /* Pods_PopUpGame.framework in Frameworks */ = {isa = PBXBuildFile; fileRef = 1FF178DA392EA4F7797558EC /* Pods_PopUpGame.framework */; };
		8528941C1D0EA2ED003A2455 /* AppDelegate.swift in Sources */ = {isa = PBXBuildFile; fileRef = 8528941B1D0EA2ED003A2455 /* AppDelegate.swift */; };
		8528941E1D0EA2ED003A2455 /* ImageViewController.swift in Sources */ = {isa = PBXBuildFile; fileRef = 8528941D1D0EA2ED003A2455 /* ImageViewController.swift */; };
		852894211D0EA2ED003A2455 /* Main.storyboard in Resources */ = {isa = PBXBuildFile; fileRef = 8528941F1D0EA2ED003A2455 /* Main.storyboard */; };
		852894231D0EA2ED003A2455 /* Assets.xcassets in Resources */ = {isa = PBXBuildFile; fileRef = 852894221D0EA2ED003A2455 /* Assets.xcassets */; };
		852894261D0EA2ED003A2455 /* LaunchScreen.storyboard in Resources */ = {isa = PBXBuildFile; fileRef = 852894241D0EA2ED003A2455 /* LaunchScreen.storyboard */; };
		852894301D0EBB0F003A2455 /* Options.swift in Sources */ = {isa = PBXBuildFile; fileRef = 8528942F1D0EBB0F003A2455 /* Options.swift */; };
		852894321D0EBD92003A2455 /* StartScreenViewController.swift in Sources */ = {isa = PBXBuildFile; fileRef = 852894311D0EBD92003A2455 /* StartScreenViewController.swift */; };
		852894341D0EBDC3003A2455 /* OptionsViewController.swift in Sources */ = {isa = PBXBuildFile; fileRef = 852894331D0EBDC3003A2455 /* OptionsViewController.swift */; };
		855A3BE01D56EFD2008AF847 /* OptionsSettings.plist in Resources */ = {isa = PBXBuildFile; fileRef = 855A3BDF1D56EFD2008AF847 /* OptionsSettings.plist */; };
		855A3BE81D5855C7008AF847 /* GoogleService-Info.plist in Resources */ = {isa = PBXBuildFile; fileRef = 855A3BE71D5855C7008AF847 /* GoogleService-Info.plist */; };
		8579AC521D17EB150060B3B0 /* ServerAuthentication.swift in Sources */ = {isa = PBXBuildFile; fileRef = 8579AC511D17EB150060B3B0 /* ServerAuthentication.swift */; };
/* End PBXBuildFile section */

/* Begin PBXFileReference section */
		0CF1966314068AC6CE213FB6 /* Pods-PopUpGame.debug.xcconfig */ = {isa = PBXFileReference; includeInIndex = 1; lastKnownFileType = text.xcconfig; name = "Pods-PopUpGame.debug.xcconfig"; path = "Pods/Target Support Files/Pods-PopUpGame/Pods-PopUpGame.debug.xcconfig"; sourceTree = "<group>"; };
		1FF178DA392EA4F7797558EC /* Pods_PopUpGame.framework */ = {isa = PBXFileReference; explicitFileType = wrapper.framework; includeInIndex = 0; path = Pods_PopUpGame.framework; sourceTree = BUILT_PRODUCTS_DIR; };
		852894181D0EA2ED003A2455 /* PopUpGame.app */ = {isa = PBXFileReference; explicitFileType = wrapper.application; includeInIndex = 0; path = PopUpGame.app; sourceTree = BUILT_PRODUCTS_DIR; };
		8528941B1D0EA2ED003A2455 /* AppDelegate.swift */ = {isa = PBXFileReference; lastKnownFileType = sourcecode.swift; path = AppDelegate.swift; sourceTree = "<group>"; };
		8528941D1D0EA2ED003A2455 /* ImageViewController.swift */ = {isa = PBXFileReference; lastKnownFileType = sourcecode.swift; path = ImageViewController.swift; sourceTree = "<group>"; };
		852894201D0EA2ED003A2455 /* Base */ = {isa = PBXFileReference; lastKnownFileType = file.storyboard; name = Base; path = Base.lproj/Main.storyboard; sourceTree = "<group>"; };
		852894221D0EA2ED003A2455 /* Assets.xcassets */ = {isa = PBXFileReference; lastKnownFileType = folder.assetcatalog; path = Assets.xcassets; sourceTree = "<group>"; };
		852894251D0EA2ED003A2455 /* Base */ = {isa = PBXFileReference; lastKnownFileType = file.storyboard; name = Base; path = Base.lproj/LaunchScreen.storyboard; sourceTree = "<group>"; };
		852894271D0EA2ED003A2455 /* Info.plist */ = {isa = PBXFileReference; lastKnownFileType = text.plist.xml; path = Info.plist; sourceTree = "<group>"; };
		8528942F1D0EBB0F003A2455 /* Options.swift */ = {isa = PBXFileReference; fileEncoding = 4; lastKnownFileType = sourcecode.swift; path = Options.swift; sourceTree = "<group>"; };
		852894311D0EBD92003A2455 /* StartScreenViewController.swift */ = {isa = PBXFileReference; fileEncoding = 4; lastKnownFileType = sourcecode.swift; path = StartScreenViewController.swift; sourceTree = "<group>"; };
		852894331D0EBDC3003A2455 /* OptionsViewController.swift */ = {isa = PBXFileReference; fileEncoding = 4; lastKnownFileType = sourcecode.swift; path = OptionsViewController.swift; sourceTree = "<group>"; };
		855A3BDF1D56EFD2008AF847 /* OptionsSettings.plist */ = {isa = PBXFileReference; fileEncoding = 4; lastKnownFileType = text.plist.xml; path = OptionsSettings.plist; sourceTree = "<group>"; };
		855A3BE71D5855C7008AF847 /* GoogleService-Info.plist */ = {isa = PBXFileReference; fileEncoding = 4; lastKnownFileType = text.plist.xml; path = "GoogleService-Info.plist"; sourceTree = SOURCE_ROOT; };
		8579AC511D17EB150060B3B0 /* ServerAuthentication.swift */ = {isa = PBXFileReference; fileEncoding = 4; lastKnownFileType = sourcecode.swift; path = ServerAuthentication.swift; sourceTree = "<group>"; };
		AEE02E835EDCC31CCD98C10F /* Pods-PopUpGame.release.xcconfig */ = {isa = PBXFileReference; includeInIndex = 1; lastKnownFileType = text.xcconfig; name = "Pods-PopUpGame.release.xcconfig"; path = "Pods/Target Support Files/Pods-PopUpGame/Pods-PopUpGame.release.xcconfig"; sourceTree = "<group>"; };
/* End PBXFileReference section */

/* Begin PBXFrameworksBuildPhase section */
		852894151D0EA2ED003A2455 /* Frameworks */ = {
			isa = PBXFrameworksBuildPhase;
			buildActionMask = 2147483647;
			files = (
				2BBAA2ABFBC106E9BCF79659 /* Pods_PopUpGame.framework in Frameworks */,
			);
			runOnlyForDeploymentPostprocessing = 0;
		};
/* End PBXFrameworksBuildPhase section */

/* Begin PBXGroup section */
		7F643D9EC9B57960E531FC48 /* Pods */ = {
			isa = PBXGroup;
			children = (
				0CF1966314068AC6CE213FB6 /* Pods-PopUpGame.debug.xcconfig */,
				AEE02E835EDCC31CCD98C10F /* Pods-PopUpGame.release.xcconfig */,
			);
			name = Pods;
			sourceTree = "<group>";
		};
		8528940F1D0EA2ED003A2455 = {
			isa = PBXGroup;
			children = (
				8528941A1D0EA2ED003A2455 /* PopUpGame */,
				852894191D0EA2ED003A2455 /* Products */,
				7F643D9EC9B57960E531FC48 /* Pods */,
				89B45FCEB1BD351F8DA72425 /* Frameworks */,
			);
			sourceTree = "<group>";
		};
		852894191D0EA2ED003A2455 /* Products */ = {
			isa = PBXGroup;
			children = (
				852894181D0EA2ED003A2455 /* PopUpGame.app */,
			);
			name = Products;
			sourceTree = "<group>";
		};
		8528941A1D0EA2ED003A2455 /* PopUpGame */ = {
			isa = PBXGroup;
			children = (
				8528941B1D0EA2ED003A2455 /* AppDelegate.swift */,
				852894311D0EBD92003A2455 /* StartScreenViewController.swift */,
				8528941D1D0EA2ED003A2455 /* ImageViewController.swift */,
				852894331D0EBDC3003A2455 /* OptionsViewController.swift */,
				8528942F1D0EBB0F003A2455 /* Options.swift */,
				8528941F1D0EA2ED003A2455 /* Main.storyboard */,
				852894221D0EA2ED003A2455 /* Assets.xcassets */,
				852894241D0EA2ED003A2455 /* LaunchScreen.storyboard */,
				852894271D0EA2ED003A2455 /* Info.plist */,
				855A3BE71D5855C7008AF847 /* GoogleService-Info.plist */,
				8579AC511D17EB150060B3B0 /* ServerAuthentication.swift */,
				855A3BDF1D56EFD2008AF847 /* OptionsSettings.plist */,
			);
			path = PopUpGame;
			sourceTree = "<group>";
		};
		89B45FCEB1BD351F8DA72425 /* Frameworks */ = {
			isa = PBXGroup;
			children = (
				1FF178DA392EA4F7797558EC /* Pods_PopUpGame.framework */,
			);
			name = Frameworks;
			sourceTree = "<group>";
		};
/* End PBXGroup section */

/* Begin PBXNativeTarget section */
		852894171D0EA2ED003A2455 /* PopUpGame */ = {
			isa = PBXNativeTarget;
			buildConfigurationList = 8528942A1D0EA2ED003A2455 /* Build configuration list for PBXNativeTarget "PopUpGame" */;
			buildPhases = (
				1DD7A60DB482858042E0E4EF /* [CP] Check Pods Manifest.lock */,
				852894141D0EA2ED003A2455 /* Sources */,
				852894151D0EA2ED003A2455 /* Frameworks */,
				852894161D0EA2ED003A2455 /* Resources */,
				8A4CD27C3FA38FB8BAC57466 /* [CP] Embed Pods Frameworks */,
				D6FE2F90FA67AD63A2394EAE /* [CP] Copy Pods Resources */,
			);
			buildRules = (
			);
			dependencies = (
			);
			name = PopUpGame;
			productName = PopUpGame;
			productReference = 852894181D0EA2ED003A2455 /* PopUpGame.app */;
			productType = "com.apple.product-type.application";
		};
/* End PBXNativeTarget section */

/* Begin PBXProject section */
		852894101D0EA2ED003A2455 /* Project object */ = {
			isa = PBXProject;
			attributes = {
				LastSwiftUpdateCheck = 0730;
				LastUpgradeCheck = 0730;
				ORGANIZATIONNAME = "Edmond Akpan";
				TargetAttributes = {
					852894171D0EA2ED003A2455 = {
						CreatedOnToolsVersion = 7.3.1;
						DevelopmentTeam = 8897JVSJ4V;
					};
				};
			};
			buildConfigurationList = 852894131D0EA2ED003A2455 /* Build configuration list for PBXProject "PopUpGame" */;
			compatibilityVersion = "Xcode 3.2";
			developmentRegion = English;
			hasScannedForEncodings = 0;
			knownRegions = (
				en,
				Base,
			);
			mainGroup = 8528940F1D0EA2ED003A2455;
			productRefGroup = 852894191D0EA2ED003A2455 /* Products */;
			projectDirPath = "";
			projectRoot = "";
			targets = (
				852894171D0EA2ED003A2455 /* PopUpGame */,
			);
		};
/* End PBXProject section */

/* Begin PBXResourcesBuildPhase section */
		852894161D0EA2ED003A2455 /* Resources */ = {
			isa = PBXResourcesBuildPhase;
			buildActionMask = 2147483647;
			files = (
				852894261D0EA2ED003A2455 /* LaunchScreen.storyboard in Resources */,
				852894231D0EA2ED003A2455 /* Assets.xcassets in Resources */,
				855A3BE81D5855C7008AF847 /* GoogleService-Info.plist in Resources */,
				855A3BE01D56EFD2008AF847 /* OptionsSettings.plist in Resources */,
				852894211D0EA2ED003A2455 /* Main.storyboard in Resources */,
			);
			runOnlyForDeploymentPostprocessing = 0;
		};
/* End PBXResourcesBuildPhase section */

/* Begin PBXShellScriptBuildPhase section */
		1DD7A60DB482858042E0E4EF /* [CP] Check Pods Manifest.lock */ = {
			isa = PBXShellScriptBuildPhase;
			buildActionMask = 2147483647;
			files = (
			);
			inputPaths = (
			);
			name = "[CP] Check Pods Manifest.lock";
			outputPaths = (
			);
			runOnlyForDeploymentPostprocessing = 0;
			shellPath = /bin/sh;
			shellScript = "diff \"${PODS_ROOT}/../Podfile.lock\" \"${PODS_ROOT}/Manifest.lock\" > /dev/null\nif [[ $? != 0 ]] ; then\n    cat << EOM\nerror: The sandbox is not in sync with the Podfile.lock. Run 'pod install' or update your CocoaPods installation.\nEOM\n    exit 1\nfi\n";
			showEnvVarsInLog = 0;
		};
		8A4CD27C3FA38FB8BAC57466 /* [CP] Embed Pods Frameworks */ = {
			isa = PBXShellScriptBuildPhase;
			buildActionMask = 2147483647;
			files = (
			);
			inputPaths = (
			);
			name = "[CP] Embed Pods Frameworks";
			outputPaths = (
			);
			runOnlyForDeploymentPostprocessing = 0;
			shellPath = /bin/sh;
			shellScript = "\"${SRCROOT}/Pods/Target Support Files/Pods-PopUpGame/Pods-PopUpGame-frameworks.sh\"\n";
			showEnvVarsInLog = 0;
		};
		D6FE2F90FA67AD63A2394EAE /* [CP] Copy Pods Resources */ = {
			isa = PBXShellScriptBuildPhase;
			buildActionMask = 2147483647;
			files = (
			);
			inputPaths = (
			);
			name = "[CP] Copy Pods Resources";
			outputPaths = (
			);
			runOnlyForDeploymentPostprocessing = 0;
			shellPath = /bin/sh;
			shellScript = "\"${SRCROOT}/Pods/Target Support Files/Pods-PopUpGame/Pods-PopUpGame-resources.sh\"\n";
			showEnvVarsInLog = 0;
		};
/* End PBXShellScriptBuildPhase section */

/* Begin PBXSourcesBuildPhase section */
		852894141D0EA2ED003A2455 /* Sources */ = {
			isa = PBXSourcesBuildPhase;
			buildActionMask = 2147483647;
			files = (
				8528941E1D0EA2ED003A2455 /* ImageViewController.swift in Sources */,
				852894301D0EBB0F003A2455 /* Options.swift in Sources */,
				8528941C1D0EA2ED003A2455 /* AppDelegate.swift in Sources */,
				852894321D0EBD92003A2455 /* StartScreenViewController.swift in Sources */,
				8579AC521D17EB150060B3B0 /* ServerAuthentication.swift in Sources */,
				852894341D0EBDC3003A2455 /* OptionsViewController.swift in Sources */,
			);
			runOnlyForDeploymentPostprocessing = 0;
		};
/* End PBXSourcesBuildPhase section */

/* Begin PBXVariantGroup section */
		8528941F1D0EA2ED003A2455 /* Main.storyboard */ = {
			isa = PBXVariantGroup;
			children = (
				852894201D0EA2ED003A2455 /* Base */,
			);
			name = Main.storyboard;
			sourceTree = "<group>";
		};
		852894241D0EA2ED003A2455 /* LaunchScreen.storyboard */ = {
			isa = PBXVariantGroup;
			children = (
				852894251D0EA2ED003A2455 /* Base */,
			);
			name = LaunchScreen.storyboard;
			sourceTree = "<group>";
		};
/* End PBXVariantGroup section */

/* Begin XCBuildConfiguration section */
		852894281D0EA2ED003A2455 /* Debug */ = {
			isa = XCBuildConfiguration;
			buildSettings = {
				ALWAYS_SEARCH_USER_PATHS = NO;
				CLANG_ANALYZER_NONNULL = YES;
				CLANG_CXX_LANGUAGE_STANDARD = "gnu++0x";
				CLANG_CXX_LIBRARY = "libc++";
				CLANG_ENABLE_MODULES = YES;
				CLANG_ENABLE_OBJC_ARC = YES;
				CLANG_WARN_BOOL_CONVERSION = YES;
				CLANG_WARN_CONSTANT_CONVERSION = YES;
				CLANG_WARN_DIRECT_OBJC_ISA_USAGE = YES_ERROR;
				CLANG_WARN_EMPTY_BODY = YES;
				CLANG_WARN_ENUM_CONVERSION = YES;
				CLANG_WARN_INT_CONVERSION = YES;
				CLANG_WARN_OBJC_ROOT_CLASS = YES_ERROR;
				CLANG_WARN_UNREACHABLE_CODE = YES;
				CLANG_WARN__DUPLICATE_METHOD_MATCH = YES;
				"CODE_SIGN_IDENTITY[sdk=iphoneos*]" = "iPhone Developer";
				COPY_PHASE_STRIP = NO;
				DEBUG_INFORMATION_FORMAT = dwarf;
				ENABLE_STRICT_OBJC_MSGSEND = YES;
				ENABLE_TESTABILITY = YES;
				GCC_C_LANGUAGE_STANDARD = gnu99;
				GCC_DYNAMIC_NO_PIC = NO;
				GCC_NO_COMMON_BLOCKS = YES;
				GCC_OPTIMIZATION_LEVEL = 0;
				GCC_PREPROCESSOR_DEFINITIONS = (
					"DEBUG=1",
					"$(inherited)",
				);
				GCC_WARN_64_TO_32_BIT_CONVERSION = YES;
				GCC_WARN_ABOUT_RETURN_TYPE = YES_ERROR;
				GCC_WARN_UNDECLARED_SELECTOR = YES;
				GCC_WARN_UNINITIALIZED_AUTOS = YES_AGGRESSIVE;
				GCC_WARN_UNUSED_FUNCTION = YES;
				GCC_WARN_UNUSED_VARIABLE = YES;
				IPHONEOS_DEPLOYMENT_TARGET = 9.3;
				MTL_ENABLE_DEBUG_INFO = YES;
				ONLY_ACTIVE_ARCH = YES;
				SDKROOT = iphoneos;
				SWIFT_OPTIMIZATION_LEVEL = "-Onone";
				TARGETED_DEVICE_FAMILY = "1,2";
			};
			name = Debug;
		};
		852894291D0EA2ED003A2455 /* Release */ = {
			isa = XCBuildConfiguration;
			buildSettings = {
				ALWAYS_SEARCH_USER_PATHS = NO;
				CLANG_ANALYZER_NONNULL = YES;
				CLANG_CXX_LANGUAGE_STANDARD = "gnu++0x";
				CLANG_CXX_LIBRARY = "libc++";
				CLANG_ENABLE_MODULES = YES;
				CLANG_ENABLE_OBJC_ARC = YES;
				CLANG_WARN_BOOL_CONVERSION = YES;
				CLANG_WARN_CONSTANT_CONVERSION = YES;
				CLANG_WARN_DIRECT_OBJC_ISA_USAGE = YES_ERROR;
				CLANG_WARN_EMPTY_BODY = YES;
				CLANG_WARN_ENUM_CONVERSION = YES;
				CLANG_WARN_INT_CONVERSION = YES;
				CLANG_WARN_OBJC_ROOT_CLASS = YES_ERROR;
				CLANG_WARN_UNREACHABLE_CODE = YES;
				CLANG_WARN__DUPLICATE_METHOD_MATCH = YES;
				"CODE_SIGN_IDENTITY[sdk=iphoneos*]" = "iPhone Developer";
				COPY_PHASE_STRIP = NO;
				DEBUG_INFORMATION_FORMAT = "dwarf-with-dsym";
				ENABLE_NS_ASSERTIONS = NO;
				ENABLE_STRICT_OBJC_MSGSEND = YES;
				GCC_C_LANGUAGE_STANDARD = gnu99;
				GCC_NO_COMMON_BLOCKS = YES;
				GCC_WARN_64_TO_32_BIT_CONVERSION = YES;
				GCC_WARN_ABOUT_RETURN_TYPE = YES_ERROR;
				GCC_WARN_UNDECLARED_SELECTOR = YES;
				GCC_WARN_UNINITIALIZED_AUTOS = YES_AGGRESSIVE;
				GCC_WARN_UNUSED_FUNCTION = YES;
				GCC_WARN_UNUSED_VARIABLE = YES;
				IPHONEOS_DEPLOYMENT_TARGET = 9.3;
				MTL_ENABLE_DEBUG_INFO = NO;
				SDKROOT = iphoneos;
				TARGETED_DEVICE_FAMILY = "1,2";
				VALIDATE_PRODUCT = YES;
			};
			name = Release;
		};
		8528942B1D0EA2ED003A2455 /* Debug */ = {
			isa = XCBuildConfiguration;
			baseConfigurationReference = 0CF1966314068AC6CE213FB6 /* Pods-PopUpGame.debug.xcconfig */;
			buildSettings = {
				ASSETCATALOG_COMPILER_APPICON_NAME = AppIcon;
				CODE_SIGN_IDENTITY = "iPhone Developer";
				"CODE_SIGN_IDENTITY[sdk=iphoneos*]" = "iPhone Developer";
				INFOPLIST_FILE = PopUpGame/Info.plist;
				IPHONEOS_DEPLOYMENT_TARGET = 9.0;
				LD_RUNPATH_SEARCH_PATHS = "$(inherited) @executable_path/Frameworks";
				PRODUCT_BUNDLE_IDENTIFIER = com.edmond.PopUpGame;
				PRODUCT_NAME = "$(TARGET_NAME)";
				PROVISIONING_PROFILE = "";
			};
			name = Debug;
		};
		8528942C1D0EA2ED003A2455 /* Release */ = {
			isa = XCBuildConfiguration;
			baseConfigurationReference = AEE02E835EDCC31CCD98C10F /* Pods-PopUpGame.release.xcconfig */;
			buildSettings = {
				ASSETCATALOG_COMPILER_APPICON_NAME = AppIcon;
				CODE_SIGN_IDENTITY = "iPhone Developer";
				"CODE_SIGN_IDENTITY[sdk=iphoneos*]" = "iPhone Developer";
				INFOPLIST_FILE = PopUpGame/Info.plist;
				IPHONEOS_DEPLOYMENT_TARGET = 9.0;
				LD_RUNPATH_SEARCH_PATHS = "$(inherited) @executable_path/Frameworks";
				PRODUCT_BUNDLE_IDENTIFIER = com.edmond.PopUpGame;
				PRODUCT_NAME = "$(TARGET_NAME)";
				PROVISIONING_PROFILE = "";
			};
			name = Release;
		};
/* End XCBuildConfiguration section */

/* Begin XCConfigurationList section */
		852894131D0EA2ED003A2455 /* Build configuration list for PBXProject "PopUpGame" */ = {
			isa = XCConfigurationList;
			buildConfigurations = (
				852894281D0EA2ED003A2455 /* Debug */,
				852894291D0EA2ED003A2455 /* Release */,
			);
			defaultConfigurationIsVisible = 0;
			defaultConfigurationName = Release;
		};
		8528942A1D0EA2ED003A2455 /* Build configuration list for PBXNativeTarget "PopUpGame" */ = {
			isa = XCConfigurationList;
			buildConfigurations = (
				8528942B1D0EA2ED003A2455 /* Debug */,
				8528942C1D0EA2ED003A2455 /* Release */,
			);
			defaultConfigurationIsVisible = 0;
			defaultConfigurationName = Release;
		};
/* End XCConfigurationList section */
	};
	rootObject = 852894101D0EA2ED003A2455 /* Project object */;
}
